
Microsoft Visual Studio Solution File, Format Version 12.00
# Visual Studio Version 17
VisualStudioVersion = 17.0.32112.339
MinimumVisualStudioVersion = 10.0.40219.1
Project("{FAE04EC0-301F-11D3-BF4B-00C04F79EFBC}") = "Kevin_caceres_20191000816_evalucion_2", "Kevin_caceres_20191000816_evalucion_2\Kevin_caceres_20191000816_evalucion_2.csproj", "{E39909AD-F729-4C06-997B-24B437649713}"
EndProject
Global
	GlobalSection(SolutionConfigurationPlatforms) = preSolution
		Debug|Any CPU = Debug|Any CPU
		Release|Any CPU = Release|Any CPU
	EndGlobalSection
	GlobalSection(ProjectConfigurationPlatforms) = postSolution
		{E39909AD-F729-4C06-997B-24B437649713}.Debug|Any CPU.ActiveCfg = Debug|Any CPU
		{E39909AD-F729-4C06-997B-24B437649713}.Debug|Any CPU.Build.0 = Debug|Any CPU
		{E39909AD-F729-4C06-997B-24B437649713}.Release|Any CPU.ActiveCfg = Release|Any CPU
		{E39909AD-F729-4C06-997B-24B437649713}.Release|Any CPU.Build.0 = Release|Any CPU
	EndGlobalSection
	GlobalSection(SolutionProperties) = preSolution
		HideSolutionNode = FALSE
	EndGlobalSection
	GlobalSection(ExtensibilityGlobals) = postSolution
		SolutionGuid = {15A95016-E91D-4B11-9D94-B90A91186B21}
	EndGlobalSection
EndGlobal
